Microsoft Visual Studio Solution File, Format Version 12.00
# Visual Studio Version 17
VisualStudioVersion = 17.13.35913.81
MinimumVisualStudioVersion = 10.0.40219.1
Project("{FAE04EC0-301F-11D3-BF4B-00C04F79EFBC}") = "KLib3_Csharp", "KLib3_Csharp\KLib3_Csharp.csproj", "{6518816B-6BCD-4C2A-8DD6-B960BC0068FE}"
EndProject
Global
	GlobalSection(SolutionConfigurationPlatforms) = preSolution
		Debug|Any CPU = Debug|Any CPU
		Release|Any CPU = Release|Any CPU
	EndGlobalSection
	GlobalSection(ProjectConfigurationPlatforms) = postSolution
		{6518816B-6BCD-4C2A-8DD6-B960BC0068FE}.Debug|Any CPU.ActiveCfg = Debug|Any CPU
		{6518816B-6BCD-4C2A-8DD6-B960BC0068FE}.Debug|Any CPU.Build.0 = Debug|Any CPU
		{6518816B-6BCD-4C2A-8DD6-B960BC0068FE}.Release|Any CPU.ActiveCfg = Release|Any CPU
		{6518816B-6BCD-4C2A-8DD6-B960BC0068FE}.Release|Any CPU.Build.0 = Release|Any CPU
	EndGlobalSection
	GlobalSection(SolutionProperties) = preSolution
		HideSolutionNode = FALSE
	EndGlobalSection
	GlobalSection(ExtensibilityGlobals) = postSolution
		SolutionGuid = {439D4D52-3AD1-4511-AB8D-D5BBF7578E71}
	EndGlobalSection
EndGlobal
